{
  "version": 1,
  "dependencies": {
    "net10.0-windows10.0.26100": {
      "MSTest": {
        "type": "Direct",
        "requested": "[4.3.3, )",
        "resolved": "4.3.3",
        "contentHash": "jrnmaQgS4Z81ONQzTgB2GUDZ52r7Qvy3QYGyKZbJ7mX3YR/gwNaIcEAnbkJgefpp3V2ctpBMcn5Hg/72TV/R2g==",
        "dependencies": {
          "MSTest.TestAdapter": "4.3.3",
          "MSTest.TestFramework": "4.3.3",
          "Microsoft.NET.Test.Sdk": "18.4.0",
          "Microsoft.Testing.Extensions.CodeCoverage": "18.9.0",
          "Microsoft.Testing.Extensions.TrxReport": "2.3.3"
        }
      },
      "BlackSharp.Core": {
        "type": "Transitive",
        "resolved": "1.0.7",
        "contentHash": "LbEc4w0oZ7w4p6+8OjPZgwsJW470aQRuYZgZ9aMN2PW9R79pW3OnZQ32AVVx/21rstX9mKbXaOLWpSAxoANYxQ=="
      },
      "CommunityToolkit.Mvvm": {
        "type": "Transitive",
        "resolved": "8.4.2",
        "contentHash": "WadCzGEc2U+3e20avRLng4qNtt4zoOGWrdUISqJWrHe3/FSnrYjuM5Sb4yQb09LhkBXrrI4Zt3dLKgRMbItsrg=="
      },
      "DiskInfoToolkit": {
        "type": "Transitive",
        "resolved": "1.1.2",
        "contentHash": "vN46svt1hQDkm269p6CzfwDpb/fbyp8oNQuePcvjNSryPLfsxIJZU8amEhir+x5bsKd0ymOXTySzPwFO8o0dpw==",
        "dependencies": {
          "BlackSharp.Core": "1.0.7"
        }
      },
      "HidSharp": {
        "type": "Transitive",
        "resolved": "2.6.4",
        "contentHash": "UcGvtnXFcatwHBXr+ei8GEXvg//wjGmDGQ6Xvb+7M4vHjURAhSLIJ+dSZv0BnAhQEpNlH8G4P7JxYnMH8Aph4g=="
      },
      "LibreHardwareMonitorLib": {
        "type": "Transitive",
        "resolved": "0.9.6",
        "contentHash": "W4hQ5Ja51/1cEDZnh9kG5UHFBwjjY2+oIpSUhSsgeYXKRKezrkw3sEFrhQkrOuo53xkXyfWV8ZErMqQuGqWIMQ==",
        "dependencies": {
          "DiskInfoToolkit": "1.1.2",
          "HidSharp": "2.6.4",
          "Mono.Posix.NETStandard": "1.0.0",
          "RAMSPDToolkit-NDD": "1.4.2",
          "System.IO.FileSystem.AccessControl": "5.0.0",
          "System.IO.Ports": "10.0.3",
          "System.Management": "10.0.2"
        }
      },
      "Microsoft.ApplicationInsights": {
        "type": "Transitive",
        "resolved": "2.23.0",
        "contentHash": "nWArUZTdU7iqZLycLKWe0TDms48KKGE6pONH2terYNa8REXiqixrMOkf1sk5DHGMaUTqONU2YkS4SAXBhLStgw=="
      },
      "Microsoft.CodeCoverage": {
        "type": "Transitive",
        "resolved": "18.4.0",
        "contentHash": "9O0BtCfzCWrkAmK187ugKdq72HHOXoOUjuWFDVc2LsZZ0pOnA9bTt+Sg9q4cF+MoAaUU+MuWtvBuFsnduviJow=="
      },
      "Microsoft.DiaSymReader": {
        "type": "Transitive",
        "resolved": "2.2.9",
        "contentHash": "WLbDc/W9XkHpGVtd1L6Vml8W6+PaaYZZTJASHjHF7W2WX/hld6bfNK102Ui+I3a6zIdx4+oKRJtMgHz44JmBfw=="
      },
      "Microsoft.Extensions.DependencyModel": {
        "type": "Transitive",
        "resolved": "10.0.8",
        "contentHash": "vLyZVpxmduO2jx+76ggqnsA3m81kwMY3NkWciNTj5E+Nvqb0VihqCvQP89QsGONWp0AJwMZG+u9GzaCjDdFGNw=="
      },
      "Microsoft.NET.Test.Sdk": {
        "type": "Transitive",
        "resolved": "18.4.0",
        "contentHash": "w49iZdL4HL6V25l41NVQLXWQ+e71GvSkKVteMrOL02gP/PUkcnO/1yEb2s9FntU4wGmJWfKnyrRAhcMHd9ZZNA==",
        "dependencies": {
          "Microsoft.CodeCoverage": "18.4.0",
          "Microsoft.TestPlatform.TestHost": "18.4.0"
        }
      },
      "Microsoft.Testing.Extensions.CodeCoverage": {
        "type": "Transitive",
        "resolved": "18.9.0",
        "contentHash": "Odp8djWEUFTJoRV02y0zJaAwAHF31CtNaDgnKKM+8dBHbbaH7Ee0oo9gweLpbzjI7UrtMUzH6xLJSrICZw+Nwg==",
        "dependencies": {
          "Microsoft.DiaSymReader": "2.2.9",
          "Microsoft.Extensions.DependencyModel": "10.0.8",
          "Microsoft.Testing.Platform": "2.3.0"
        }
      },
      "Microsoft.Testing.Extensions.Telemetry": {
        "type": "Transitive",
        "resolved": "2.3.3",
        "contentHash": "nY8ceQyPWB9TRE1WE5Oe/sks2e10SxgPv61vBHsFYpgCeDtNwhpMZwmL29GklO3/etTdOsLdrCmNr4zJWaR2fg==",
        "dependencies": {
          "Microsoft.ApplicationInsights": "2.23.0",
          "Microsoft.Testing.Platform": "2.3.3"
        }
      },
      "Microsoft.Testing.Extensions.TrxReport": {
        "type": "Transitive",
        "resolved": "2.3.3",
        "contentHash": "vYBqGSlT94B8d6d4PRdPQ83ogn3kK4kXcnI3SlHBHZu1XsU01IDTMnWoto5v5wXN/Mz4XsVM3Do/sJdGRgH29g==",
        "dependencies": {
          "Microsoft.Testing.Extensions.TrxReport.Abstractions": "2.3.3",
          "Microsoft.Testing.Platform": "2.3.3"
        }
      },
      "Microsoft.Testing.Extensions.TrxReport.Abstractions": {
        "type": "Transitive",
        "resolved": "2.3.3",
        "contentHash": "dceVNxnfTEjKnrIreLcMfkgrzzBY8kgCCJX5NAv7Lq/6vPlTP4VB5zxKeuYy0yfCoBtWuPkLjUG6qtOBMfpypA==",
        "dependencies": {
          "Microsoft.Testing.Platform": "2.3.3"
        }
      },
      "Microsoft.Testing.Extensions.VSTestBridge": {
        "type": "Transitive",
        "resolved": "2.3.3",
        "contentHash": "JLovZjH6K10YiHO/BcidsaSHo/M2DfOe9FDjxjFdV6aoHO6VYTTYlLBNcyLJSo20q5gDTmNvmxYVH39A942aJA==",
        "dependencies": {
          "Microsoft.TestPlatform.ObjectModel": "18.4.0",
          "Microsoft.Testing.Extensions.Telemetry": "2.3.3",
          "Microsoft.Testing.Extensions.TrxReport.Abstractions": "2.3.3",
          "Microsoft.Testing.Platform": "2.3.3"
        }
      },
      "Microsoft.Testing.Platform": {
        "type": "Transitive",
        "resolved": "2.3.3",
        "contentHash": "ENbH4BQh9riXtOKc25KKITfiGGWhWMBJA7pZuNaF9zxzzSaVkp5AMeZxGQ6sXYaR6xb724NLz985Is6XIYqLSg=="
      },
      "Microsoft.Testing.Platform.MSBuild": {
        "type": "Transitive",
        "resolved": "2.3.3",
        "contentHash": "iVAvNbZ5JPDZSrTcIrCDoCsAkzjDxwDEt2mDuMd8ng1P6e2P2NCd0g0BsoBVG+nJLSmK//V+yeEvjCa3E2fxHw==",
        "dependencies": {
          "Microsoft.Testing.Platform": "2.3.3"
        }
      },
      "Microsoft.TestPlatform.ObjectModel": {
        "type": "Transitive",
        "resolved": "18.4.0",
        "contentHash": "4L6m2kS2pY5uJ9cpeRxzW22opr6ttScIRqsOpMDQpgENp/ZwxkkQCcmc6LRSURo2dFaaSW5KVflQZvroiJ7Wzg=="
      },
      "Microsoft.TestPlatform.TestHost": {
        "type": "Transitive",
        "resolved": "18.4.0",
        "contentHash": "gZsCHI+zOmZCcKZieIL4Jg14qKD2OGZOmX5DehuIk1EA9BN6Crm0+taXQNEuajOH1G9CCyBxw8VWR4t5tumcng==",
        "dependencies": {
          "Microsoft.TestPlatform.ObjectModel": "18.4.0",
          "Newtonsoft.Json": "13.0.3"
        }
      },
      "Microsoft.Web.WebView2": {
        "type": "Transitive",
        "resolved": "1.0.3719.77",
        "contentHash": "t+ucyKw5NTwMjsUrDF6R9Lk40lpcKQD1/HgyGFxl49tdA4h9dKlsj6FYGEmDRpFNfnTpENuTypMcdbrlkqBdDA=="
      },
      "Microsoft.Windows.AI.MachineLearning": {
        "type": "Transitive",
        "resolved": "2.1.74",
        "contentHash": "/Z1yAQ0J53eD1RrOl5anTDS0UQOgneERY//hLljwGcWeUX9ynCvOl5qUxAsfWvwsZZGcvV4WKjAvnAtA6N5i+w==",
        "dependencies": {
          "System.Numerics.Tensors": "9.0.0"
        }
      },
      "Microsoft.Windows.SDK.BuildTools": {
        "type": "Transitive",
        "resolved": "10.0.26100.7705",
        "contentHash": "HhD3TweZMpyor2t7vRJgJrASHJDWcDjYWQB2HSqsYWvpB10K8KgkdmXLtGUoKYwoztyIV2k1vjt1DdVsYs8jWw=="
      },
      "Microsoft.Windows.SDK.BuildTools.MSIX": {
        "type": "Transitive",
        "resolved": "1.7.251221100",
        "contentHash": "f4aIZJ0NUth2403oxrpR+9rxVzZVI6dabqB21u8ncnk8eJAKCs9m77E4iYAnvP1YwrRe4axz3f8+yUcttNSfEA=="
      },
      "Microsoft.Windows.SDK.BuildTools.WinApp": {
        "type": "Transitive",
        "resolved": "0.3.1",
        "contentHash": "QOJTNCLXq9YC04atytO1EQOkvBXqghbbAh4Gxs9BR4g7BZ8vGEqgjbclq6CTe30RPFsa2LeyNtWh+GmG5jWdsw=="
      },
      "Microsoft.WindowsAppSDK": {
        "type": "Transitive",
        "resolved": "2.3.1",
        "contentHash": "eUfqy7RM+yCn853kAy9fU3sXvqI3la2St4Uj9Qd5m8i0ngizM2X2l4foc/pCDGZyJybqKbcuZdq/CHHjAc534Q==",
        "dependencies": {
          "Microsoft.WindowsAppSDK.AI": "2.3.4",
          "Microsoft.WindowsAppSDK.Base": "2.0.4",
          "Microsoft.WindowsAppSDK.DWrite": "2.1.0",
          "Microsoft.WindowsAppSDK.Foundation": "2.3.5",
          "Microsoft.WindowsAppSDK.InteractiveExperiences": "2.1.3",
          "Microsoft.WindowsAppSDK.ML": "2.1.74",
          "Microsoft.WindowsAppSDK.Runtime": "[2.3.1]",
          "Microsoft.WindowsAppSDK.Widgets": "2.0.5",
          "Microsoft.WindowsAppSDK.WinUI": "2.3.0"
        }
      },
      "Microsoft.WindowsAppSDK.AI": {
        "type": "Transitive",
        "resolved": "2.3.4",
        "contentHash": "lMpBN1Iy2VV7dAvVJPnALw9Xm2xxbuI6EVQVHxxgvo37qyz3Oz3zW+1wrKG5pOMuQchs1RUpelSy4cgbF6j1jA==",
        "dependencies": {
          "Microsoft.WindowsAppSDK.Base": "2.0.4",
          "Microsoft.WindowsAppSDK.Foundation": "2.3.2"
        }
      },
      "Microsoft.WindowsAppSDK.Base": {
        "type": "Transitive",
        "resolved": "2.0.4",
        "contentHash": "QXSy2llX2/Bx9dYWGUEsb10F40q94ZiDnPMzqa2/qRmTG4y9EXxGp6uHITb7c0b4FCa+6KFBlgh6D53M0QEMEg==",
        "dependencies": {
          "Microsoft.Windows.SDK.BuildTools": "10.0.26100.4654",
          "Microsoft.Windows.SDK.BuildTools.MSIX": "1.7.251221100"
        }
      },
      "Microsoft.WindowsAppSDK.DWrite": {
        "type": "Transitive",
        "resolved": "2.1.0",
        "contentHash": "dgix7NSeo7Z8SZPyrsOqYm/6OUvBveHCiVyorYecmtDYoZW26dJ6/i9yveIxgWvmFpgfKXPeIuQBCvhbetHiYg==",
        "dependencies": {
          "Microsoft.WindowsAppSDK.Base": "2.0.3"
        }
      },
      "Microsoft.WindowsAppSDK.Foundation": {
        "type": "Transitive",
        "resolved": "2.3.5",
        "contentHash": "Ke/HAoFLq1kgMPUn6UrNNBy5kcuHCJK/SvHep0m4FY1YoDGz9XUDnucDmCMSUxuGnxtI65Uq5UfmLc3eS31Ovg==",
        "dependencies": {
          "Microsoft.WindowsAppSDK.Base": "2.0.4",
          "Microsoft.WindowsAppSDK.InteractiveExperiences": "2.1.1"
        }
      },
      "Microsoft.WindowsAppSDK.InteractiveExperiences": {
        "type": "Transitive",
        "resolved": "2.1.3",
        "contentHash": "2GwSpAWidRKZiGX0yeJ9SxjdgPYMpZXRaHbiss3rC4FglFYSpF/wmhW5axX2zJ/NP2e4LOoOiPtw1W4YRyQiFg==",
        "dependencies": {
          "Microsoft.WindowsAppSDK.Base": "2.0.4"
        }
      },
      "Microsoft.WindowsAppSDK.ML": {
        "type": "Transitive",
        "resolved": "2.1.74",
        "contentHash": "9Vd1ikH+n6pbqhgmCn+zNulJ6gIp9Hz9bC++ka1Uphh2gule6HiT6Jr25N/fQoEc4I9xOTKkn3DtlcpHlcocaw==",
        "dependencies": {
          "Microsoft.Windows.AI.MachineLearning": "[2.1.74, 3.0.0)",
          "Microsoft.WindowsAppSDK.Base": "2.0.4",
          "Microsoft.WindowsAppSDK.Foundation": "2.0.21"
        }
      },
      "Microsoft.WindowsAppSDK.Runtime": {
        "type": "Transitive",
        "resolved": "2.3.1",
        "contentHash": "QwXWOMMuTDjUSgUBQ25zgEw3KBP2peKckv8NxNEBW2+Gst6zb6Yg+7xdWG90wtag3hobcAz4y8a20e00uwjf4g==",
        "dependencies": {
          "Microsoft.WindowsAppSDK.Base": "2.0.4"
        }
      },
      "Microsoft.WindowsAppSDK.Widgets": {
        "type": "Transitive",
        "resolved": "2.0.5",
        "contentHash": "lRz+8+QU65gV8hRzLVE+GRsPKZ42lnzqkmsw96HzQd/DuFYfr4JYpUU7ZZ5YrkV2EfQe4BCmoRKAeZ3WwalMcg==",
        "dependencies": {
          "Microsoft.WindowsAppSDK.Base": "2.0.3"
        }
      },
      "Microsoft.WindowsAppSDK.WinUI": {
        "type": "Transitive",
        "resolved": "2.3.0",
        "contentHash": "NtE5frGZttAnMTl0YOCg3fKt6HrwGuB0rgoYCfP3se5xJToIpGreDYrUiVc3CeMmvnyptjTbwMt/41XWf8qMOQ==",
        "dependencies": {
          "Microsoft.Web.WebView2": "1.0.3719.77",
          "Microsoft.WindowsAppSDK.Base": "2.0.4",
          "Microsoft.WindowsAppSDK.Foundation": "2.3.1",
          "Microsoft.WindowsAppSDK.InteractiveExperiences": "2.0.16-stable-Rolling.20260605.2"
        }
      },
      "Mono.Posix.NETStandard": {
        "type": "Transitive",
        "resolved": "1.0.0",
        "contentHash": "vSN/L1uaVwKsiLa95bYu2SGkF0iY3xMblTfxc8alSziPuVfJpj3geVqHGAA75J7cZkMuKpFVikz82Lo6y6LLdA=="
      },
      "MSTest.Analyzers": {
        "type": "Transitive",
        "resolved": "4.3.3",
        "contentHash": "cTcdSPIZ8WvchbC5DFmfHxrvVNZCtops+2W94le+Q+mx110Y9L9mqNVVc9flF35lFeL5GsY+rxGBylsjDk4+zg=="
      },
      "MSTest.TestAdapter": {
        "type": "Transitive",
        "resolved": "4.3.3",
        "contentHash": "YxXA1YGqwcZ1UjZXHgeu65AWDR25PQ2lN5N5CYOhxftqOQh/FcgQk0Vz0nfHqLhqOGFI6g9uIfOWqAdobSNKSg==",
        "dependencies": {
          "MSTest.TestFramework": "4.3.3",
          "Microsoft.Testing.Extensions.VSTestBridge": "2.3.3",
          "Microsoft.Testing.Platform.MSBuild": "2.3.3"
        }
      },
      "MSTest.TestFramework": {
        "type": "Transitive",
        "resolved": "4.3.3",
        "contentHash": "Y4OSRh7VKV3nW+/vIqvfJ3sdLWfVJ9G11KpzynFAq3Bh/fpMaXt73v8GfL4mTz6pJ/ix3hcep4iy6qQNXt408w==",
        "dependencies": {
          "MSTest.Analyzers": "4.3.3"
        }
      },
      "Newtonsoft.Json": {
        "type": "Transitive",
        "resolved": "13.0.3",
        "contentHash": "HrC5BXdl00IP9zeV+0Z848QWPAoCr9P3bDEZguI+gkLcBKAOxix/tLEAAHC+UvDNPv4a2d18lOReHMOagPa+zQ=="
      },
      "RAMSPDToolkit-NDD": {
        "type": "Transitive",
        "resolved": "1.4.2",
        "contentHash": "pqIwn/HqXFnW4FVKybq6gZh3YK14OOLGWkgZzDdewjAInCOu86EO2L+FCQo8j1/v1sKwv+vgX5pnehxyrlJYJw==",
        "dependencies": {
          "BlackSharp.Core": "1.0.4",
          "System.Management": "10.0.0"
        }
      },
      "runtime.android-arm.runtime.native.System.IO.Ports": {
        "type": "Transitive",
        "resolved": "10.0.3",
        "contentHash": "6W4qZX0X7FF+PHM9Kaa5ZsTLcGJAzCU7FB4Tjy1vTg2rUIEjDqijWTtpz8vY6gBzZaG+tD0/EKUyGnfq6d/d/Q=="
      },
      "runtime.android-arm64.runtime.native.System.IO.Ports": {
        "type": "Transitive",
        "resolved": "10.0.3",
        "contentHash": "4OdNg2Du1kvm0b4tSErkA4wfH32YmgUqeSLzekk6NdCR61brCp4vttTJl0epZMwbRppXuy/jY7pV0WtP4ymnfQ=="
      },
      "runtime.android-x64.runtime.native.System.IO.Ports": {
        "type": "Transitive",
        "resolved": "10.0.3",
        "contentHash": "nP7xJSDSqRktV4kEd0kr4n0xhzJFuQjh7L/AgrKB3C4QK5TA/8NimJmTl1ogngvnXn2vilH2Hk+keBIvuoGWCA=="
      },
      "runtime.android-x86.runtime.native.System.IO.Ports": {
        "type": "Transitive",
        "resolved": "10.0.3",
        "contentHash": "f/neqijoVpgl/PcrXYeLNfCC2t74XYIcaHvtSaF3zaIdJ3hf5wrwRC9gzYLXHRLg/j4DRsCHEw8rlux/dNh7XA=="
      },
      "runtime.linux-arm.runtime.native.System.IO.Ports": {
        "type": "Transitive",
        "resolved": "10.0.3",
        "contentHash": "cwiQmy95Zd42K4kMzDt8GkXNKHWDkRZIIyb3MteRrgJKubH2DMA6VY3JiFeR+1hQ7i31Ck+dYyt8wUkElZ/NrQ=="
      },
      "runtime.linux-arm64.runtime.native.System.IO.Ports": {
        "type": "Transitive",
        "resolved": "10.0.3",
        "contentHash": "cEx+Xm0ZNPsuoYTFwXZ6qRstwXQ7vJjbb3jWzo5s5xIeEgpTDdfiUjTgK3Gl618mWgb7+Gn6Vt5pT07RxFC28Q=="
      },
      "runtime.linux-bionic-arm64.runtime.native.System.IO.Ports": {
        "type": "Transitive",
        "resolved": "10.0.3",
        "contentHash": "kB21sNzlKgTj3V/LZhnTLFuViiGKtkiUG2GdEW+z3jdeUtRoxqBBXryzMqy0oUOy5idBW2pA6bh+iLGaj+GThA=="
      },
      "runtime.linux-bionic-x64.runtime.native.System.IO.Ports": {
        "type": "Transitive",
        "resolved": "10.0.3",
        "contentHash": "/Ud7EYdpnBGJ/x7DdqVFEJOQtEcf9rsD6/1iyUBJNfhhs8JljZLewJHp1cXr1DVCaWWc9jSWIc4g+QpMct/22A=="
      },
      "runtime.linux-musl-arm.runtime.native.System.IO.Ports": {
        "type": "Transitive",
        "resolved": "10.0.3",
        "contentHash": "pBubukkmXD9e4Ju004bEHL3TE5mYahONCVwrJ5b+7/cj8smSY2H5sKTyURiVF1EfX55yORKyTyQ3dALA5yTTlg=="
      },
      "runtime.linux-musl-arm64.runtime.native.System.IO.Ports": {
        "type": "Transitive",
        "resolved": "10.0.3",
        "contentHash": "+FR6SvpZya66Wv26MVEK4l2gnjfZnBVUz675eaTcMQ/KWAy+GMaPyhRaBIMnQJf5gfuu3x1qgeAzpmeFkOPGBw=="
      },
      "runtime.linux-musl-x64.runtime.native.System.IO.Ports": {
        "type": "Transitive",
        "resolved": "10.0.3",
        "contentHash": "Ee1XnOSKgeJGBcnd7LLLkyXEbE/JcpQ3pUlbPXqugl0YD55jVubpYebzGYI+ilrnBLCRiV0BR822b2XmerIKGw=="
      },
      "runtime.linux-x64.runtime.native.System.IO.Ports": {
        "type": "Transitive",
        "resolved": "10.0.3",
        "contentHash": "U+Zr1KuBDIIwgR2gTMFbBAtkr4WnKdEXxmknPa3X8Qy6oCi4+MTRmq2zmTh7wxXQXTdmhfXg2tyy7DuVHtB+xQ=="
      },
      "runtime.maccatalyst-arm64.runtime.native.System.IO.Ports": {
        "type": "Transitive",
        "resolved": "10.0.3",
        "contentHash": "9yTgh3ZKCBTGEO4YS76g/K15s2qSdeEZDqWteixUPeRsETsuBUwUPF39Fk39OPlRgwhqEuhtHy1Hf6BSOETfAg=="
      },
      "runtime.maccatalyst-x64.runtime.native.System.IO.Ports": {
        "type": "Transitive",
        "resolved": "10.0.3",
        "contentHash": "0gxqUZYQ1T1o5VzgyEMKiSPKJtPbleF2nbjZa5QKZQvPgSlrZFL+FrW4LywIk2scOpXu+Vd5Mv8AGGV7slhYWA=="
      },
      "runtime.native.System.IO.Ports": {
        "type": "Transitive",
        "resolved": "10.0.3",
        "contentHash": "7U3HW0JzAeg9PWaYBcyWLFMq2RSexgJ8uVCR3E2QVJJ/IZnRT0wYRhyEx3zBSbKYzN3KE6MDiRd6CN4hR7YkqA==",
        "dependencies": {
          "runtime.android-arm.runtime.native.System.IO.Ports": "10.0.3",
          "runtime.android-arm64.runtime.native.System.IO.Ports": "10.0.3",
          "runtime.android-x64.runtime.native.System.IO.Ports": "10.0.3",
          "runtime.android-x86.runtime.native.System.IO.Ports": "10.0.3",
          "runtime.linux-arm.runtime.native.System.IO.Ports": "10.0.3",
          "runtime.linux-arm64.runtime.native.System.IO.Ports": "10.0.3",
          "runtime.linux-bionic-arm64.runtime.native.System.IO.Ports": "10.0.3",
          "runtime.linux-bionic-x64.runtime.native.System.IO.Ports": "10.0.3",
          "runtime.linux-musl-arm.runtime.native.System.IO.Ports": "10.0.3",
          "runtime.linux-musl-arm64.runtime.native.System.IO.Ports": "10.0.3",
          "runtime.linux-musl-x64.runtime.native.System.IO.Ports": "10.0.3",
          "runtime.linux-x64.runtime.native.System.IO.Ports": "10.0.3",
          "runtime.maccatalyst-arm64.runtime.native.System.IO.Ports": "10.0.3",
          "runtime.maccatalyst-x64.runtime.native.System.IO.Ports": "10.0.3",
          "runtime.osx-arm64.runtime.native.System.IO.Ports": "10.0.3",
          "runtime.osx-x64.runtime.native.System.IO.Ports": "10.0.3"
        }
      },
      "runtime.osx-arm64.runtime.native.System.IO.Ports": {
        "type": "Transitive",
        "resolved": "10.0.3",
        "contentHash": "qnEjXlIazxaRAhBet0EupWoJQ9PKsXjThpMKGP/ZsCjZgHEb+zs9wft82wY27OagyPOCg9D4hJHWKt5LTbJNZg=="
      },
      "runtime.osx-x64.runtime.native.System.IO.Ports": {
        "type": "Transitive",
        "resolved": "10.0.3",
        "contentHash": "L1gcOL5kcfeeujKQbqJmpeTLsT0c6DeaJ9w6PY9oZ+/WESyya+Zj7StKguXR5j93o3o86FjcN05yufpoCz7R2g=="
      },
      "System.CodeDom": {
        "type": "Transitive",
        "resolved": "10.0.2",
        "contentHash": "eih1MnL4tnSjHUhzae0dmpu50Sm0s54faHZc8yhzYfmubAubkBIIulYYN28fasD1m41mhl6Cenhs9/F0aLv3FA=="
      },
      "System.IO.FileSystem.AccessControl": {
        "type": "Transitive",
        "resolved": "5.0.0",
        "contentHash": "SxHB3nuNrpptVk+vZ/F+7OHEpoHUIKKMl02bUmYHQr1r+glbZQxs7pRtsf4ENO29TVm2TH3AEeep2fJcy92oYw=="
      },
      "System.IO.Ports": {
        "type": "Transitive",
        "resolved": "10.0.3",
        "contentHash": "Zs04mZ/dQtaFQ+hpQNDtijBs+6aM9j2fQPp8zNZTfh8DboVNNv7Sw6gH00hT+PVcAhEozlfT+n59Svm6Ug8ROA==",
        "dependencies": {
          "runtime.native.System.IO.Ports": "10.0.3"
        }
      },
      "System.Management": {
        "type": "Transitive",
        "resolved": "10.0.2",
        "contentHash": "eFftuy3i844lVKCb4lJvvjKfcvPVcW8KrAdSaIOcRL42/Fisj46hwUs8Bky+4avzMe5Snm5t7aSayOI1mybYXg==",
        "dependencies": {
          "System.CodeDom": "10.0.2"
        }
      },
      "System.Numerics.Tensors": {
        "type": "Transitive",
        "resolved": "9.0.0",
        "contentHash": "hyJB4UlpAi19Xr9AXzu2NuagKC4lPfHObNMEAA0HmqFz2rX7wKgzeYzO/jM/eBHDhnUGFFEjk5cOoJaxqg5J4A=="
      },
      "nativehub": {
        "type": "Project",
        "dependencies": {
          "CommunityToolkit.Mvvm": "[8.4.2, )",
          "LibreHardwareMonitorLib": "[0.9.6, )",
          "Microsoft.Windows.SDK.BuildTools": "[10.0.26100.7705, )",
          "Microsoft.Windows.SDK.BuildTools.WinApp": "[0.3.1, )",
          "Microsoft.WindowsAppSDK": "[2.3.1, )",
          "System.Management": "[10.0.2, )"
        }
      }
    },
    "net10.0-windows10.0.26100/win-x64": {
      "LibreHardwareMonitorLib": {
        "type": "Transitive",
        "resolved": "0.9.6",
        "contentHash": "W4hQ5Ja51/1cEDZnh9kG5UHFBwjjY2+oIpSUhSsgeYXKRKezrkw3sEFrhQkrOuo53xkXyfWV8ZErMqQuGqWIMQ==",
        "dependencies": {
          "DiskInfoToolkit": "1.1.2",
          "HidSharp": "2.6.4",
          "Mono.Posix.NETStandard": "1.0.0",
          "RAMSPDToolkit-NDD": "1.4.2",
          "System.IO.FileSystem.AccessControl": "5.0.0",
          "System.IO.Ports": "10.0.3",
          "System.Management": "10.0.2"
        }
      },
      "Microsoft.Testing.Extensions.CodeCoverage": {
        "type": "Transitive",
        "resolved": "18.9.0",
        "contentHash": "Odp8djWEUFTJoRV02y0zJaAwAHF31CtNaDgnKKM+8dBHbbaH7Ee0oo9gweLpbzjI7UrtMUzH6xLJSrICZw+Nwg==",
        "dependencies": {
          "Microsoft.DiaSymReader": "2.2.9",
          "Microsoft.Extensions.DependencyModel": "10.0.8",
          "Microsoft.Testing.Platform": "2.3.0"
        }
      },
      "Microsoft.Web.WebView2": {
        "type": "Transitive",
        "resolved": "1.0.3719.77",
        "contentHash": "t+ucyKw5NTwMjsUrDF6R9Lk40lpcKQD1/HgyGFxl49tdA4h9dKlsj6FYGEmDRpFNfnTpENuTypMcdbrlkqBdDA=="
      },
      "Microsoft.Windows.AI.MachineLearning": {
        "type": "Transitive",
        "resolved": "2.1.74",
        "contentHash": "/Z1yAQ0J53eD1RrOl5anTDS0UQOgneERY//hLljwGcWeUX9ynCvOl5qUxAsfWvwsZZGcvV4WKjAvnAtA6N5i+w==",
        "dependencies": {
          "System.Numerics.Tensors": "9.0.0"
        }
      },
      "Microsoft.WindowsAppSDK.Foundation": {
        "type": "Transitive",
        "resolved": "2.3.5",
        "contentHash": "Ke/HAoFLq1kgMPUn6UrNNBy5kcuHCJK/SvHep0m4FY1YoDGz9XUDnucDmCMSUxuGnxtI65Uq5UfmLc3eS31Ovg==",
        "dependencies": {
          "Microsoft.WindowsAppSDK.Base": "2.0.4",
          "Microsoft.WindowsAppSDK.InteractiveExperiences": "2.1.1"
        }
      },
      "Mono.Posix.NETStandard": {
        "type": "Transitive",
        "resolved": "1.0.0",
        "contentHash": "vSN/L1uaVwKsiLa95bYu2SGkF0iY3xMblTfxc8alSziPuVfJpj3geVqHGAA75J7cZkMuKpFVikz82Lo6y6LLdA=="
      },
      "runtime.android-arm.runtime.native.System.IO.Ports": {
        "type": "Transitive",
        "resolved": "10.0.3",
        "contentHash": "6W4qZX0X7FF+PHM9Kaa5ZsTLcGJAzCU7FB4Tjy1vTg2rUIEjDqijWTtpz8vY6gBzZaG+tD0/EKUyGnfq6d/d/Q=="
      },
      "runtime.android-arm64.runtime.native.System.IO.Ports": {
        "type": "Transitive",
        "resolved": "10.0.3",
        "contentHash": "4OdNg2Du1kvm0b4tSErkA4wfH32YmgUqeSLzekk6NdCR61brCp4vttTJl0epZMwbRppXuy/jY7pV0WtP4ymnfQ=="
      },
      "runtime.android-x64.runtime.native.System.IO.Ports": {
        "type": "Transitive",
        "resolved": "10.0.3",
        "contentHash": "nP7xJSDSqRktV4kEd0kr4n0xhzJFuQjh7L/AgrKB3C4QK5TA/8NimJmTl1ogngvnXn2vilH2Hk+keBIvuoGWCA=="
      },
      "runtime.android-x86.runtime.native.System.IO.Ports": {
        "type": "Transitive",
        "resolved": "10.0.3",
        "contentHash": "f/neqijoVpgl/PcrXYeLNfCC2t74XYIcaHvtSaF3zaIdJ3hf5wrwRC9gzYLXHRLg/j4DRsCHEw8rlux/dNh7XA=="
      },
      "runtime.linux-arm.runtime.native.System.IO.Ports": {
        "type": "Transitive",
        "resolved": "10.0.3",
        "contentHash": "cwiQmy95Zd42K4kMzDt8GkXNKHWDkRZIIyb3MteRrgJKubH2DMA6VY3JiFeR+1hQ7i31Ck+dYyt8wUkElZ/NrQ=="
      },
      "runtime.linux-arm64.runtime.native.System.IO.Ports": {
        "type": "Transitive",
        "resolved": "10.0.3",
        "contentHash": "cEx+Xm0ZNPsuoYTFwXZ6qRstwXQ7vJjbb3jWzo5s5xIeEgpTDdfiUjTgK3Gl618mWgb7+Gn6Vt5pT07RxFC28Q=="
      },
      "runtime.linux-bionic-arm64.runtime.native.System.IO.Ports": {
        "type": "Transitive",
        "resolved": "10.0.3",
        "contentHash": "kB21sNzlKgTj3V/LZhnTLFuViiGKtkiUG2GdEW+z3jdeUtRoxqBBXryzMqy0oUOy5idBW2pA6bh+iLGaj+GThA=="
      },
      "runtime.linux-bionic-x64.runtime.native.System.IO.Ports": {
        "type": "Transitive",
        "resolved": "10.0.3",
        "contentHash": "/Ud7EYdpnBGJ/x7DdqVFEJOQtEcf9rsD6/1iyUBJNfhhs8JljZLewJHp1cXr1DVCaWWc9jSWIc4g+QpMct/22A=="
      },
      "runtime.linux-musl-arm.runtime.native.System.IO.Ports": {
        "type": "Transitive",
        "resolved": "10.0.3",
        "contentHash": "pBubukkmXD9e4Ju004bEHL3TE5mYahONCVwrJ5b+7/cj8smSY2H5sKTyURiVF1EfX55yORKyTyQ3dALA5yTTlg=="
      },
      "runtime.linux-musl-arm64.runtime.native.System.IO.Ports": {
        "type": "Transitive",
        "resolved": "10.0.3",
        "contentHash": "+FR6SvpZya66Wv26MVEK4l2gnjfZnBVUz675eaTcMQ/KWAy+GMaPyhRaBIMnQJf5gfuu3x1qgeAzpmeFkOPGBw=="
      },
      "runtime.linux-musl-x64.runtime.native.System.IO.Ports": {
        "type": "Transitive",
        "resolved": "10.0.3",
        "contentHash": "Ee1XnOSKgeJGBcnd7LLLkyXEbE/JcpQ3pUlbPXqugl0YD55jVubpYebzGYI+ilrnBLCRiV0BR822b2XmerIKGw=="
      },
      "runtime.linux-x64.runtime.native.System.IO.Ports": {
        "type": "Transitive",
        "resolved": "10.0.3",
        "contentHash": "U+Zr1KuBDIIwgR2gTMFbBAtkr4WnKdEXxmknPa3X8Qy6oCi4+MTRmq2zmTh7wxXQXTdmhfXg2tyy7DuVHtB+xQ=="
      },
      "runtime.maccatalyst-arm64.runtime.native.System.IO.Ports": {
        "type": "Transitive",
        "resolved": "10.0.3",
        "contentHash": "9yTgh3ZKCBTGEO4YS76g/K15s2qSdeEZDqWteixUPeRsETsuBUwUPF39Fk39OPlRgwhqEuhtHy1Hf6BSOETfAg=="
      },
      "runtime.maccatalyst-x64.runtime.native.System.IO.Ports": {
        "type": "Transitive",
        "resolved": "10.0.3",
        "contentHash": "0gxqUZYQ1T1o5VzgyEMKiSPKJtPbleF2nbjZa5QKZQvPgSlrZFL+FrW4LywIk2scOpXu+Vd5Mv8AGGV7slhYWA=="
      },
      "runtime.osx-arm64.runtime.native.System.IO.Ports": {
        "type": "Transitive",
        "resolved": "10.0.3",
        "contentHash": "qnEjXlIazxaRAhBet0EupWoJQ9PKsXjThpMKGP/ZsCjZgHEb+zs9wft82wY27OagyPOCg9D4hJHWKt5LTbJNZg=="
      },
      "runtime.osx-x64.runtime.native.System.IO.Ports": {
        "type": "Transitive",
        "resolved": "10.0.3",
        "contentHash": "L1gcOL5kcfeeujKQbqJmpeTLsT0c6DeaJ9w6PY9oZ+/WESyya+Zj7StKguXR5j93o3o86FjcN05yufpoCz7R2g=="
      },
      "System.IO.FileSystem.AccessControl": {
        "type": "Transitive",
        "resolved": "5.0.0",
        "contentHash": "SxHB3nuNrpptVk+vZ/F+7OHEpoHUIKKMl02bUmYHQr1r+glbZQxs7pRtsf4ENO29TVm2TH3AEeep2fJcy92oYw=="
      },
      "System.IO.Ports": {
        "type": "Transitive",
        "resolved": "10.0.3",
        "contentHash": "Zs04mZ/dQtaFQ+hpQNDtijBs+6aM9j2fQPp8zNZTfh8DboVNNv7Sw6gH00hT+PVcAhEozlfT+n59Svm6Ug8ROA==",
        "dependencies": {
          "runtime.native.System.IO.Ports": "10.0.3"
        }
      },
      "System.Management": {
        "type": "Transitive",
        "resolved": "10.0.2",
        "contentHash": "eFftuy3i844lVKCb4lJvvjKfcvPVcW8KrAdSaIOcRL42/Fisj46hwUs8Bky+4avzMe5Snm5t7aSayOI1mybYXg==",
        "dependencies": {
          "System.CodeDom": "10.0.2"
        }
      }
    }
  }
}